
Microsoft Visual Studio Solution File, Format Version 12.00
# Visual Studio Version 17
VisualStudioVersion = 17.3.32901.215
MinimumVisualStudioVersion = 10.0.40219.1
Project("{FAE04EC0-301F-11D3-BF4B-00C04F79EFBC}") = "ITW2022", "ITW2022.csproj", "{70D54DF6-008D-495D-8618-8CFECB7DBA8A}"
EndProject
Global
	GlobalSection(SolutionConfigurationPlatforms) = preSolution
		Debug|Any CPU = Debug|Any CPU
		Release|Any CPU = Release|Any CPU
	EndGlobalSection
	GlobalSection(ProjectConfigurationPlatforms) = postSolution
		{70D54DF6-008D-495D-8618-8CFECB7DBA8A}.Debug|Any CPU.ActiveCfg = Debug|Any CPU
		{70D54DF6-008D-495D-8618-8CFECB7DBA8A}.Debug|Any CPU.Build.0 = Debug|Any CPU
		{70D54DF6-008D-495D-8618-8CFECB7DBA8A}.Release|Any CPU.ActiveCfg = Release|Any CPU
		{70D54DF6-008D-495D-8618-8CFECB7DBA8A}.Release|Any CPU.Build.0 = Release|Any CPU
	EndGlobalSection
	GlobalSection(SolutionProperties) = preSolution
		HideSolutionNode = FALSE
	EndGlobalSection
	GlobalSection(ExtensibilityGlobals) = postSolution
		SolutionGuid = {420C2ADD-5936-4806-AC62-8154215D1ACF}
	EndGlobalSection
EndGlobal
